
Microsoft Visual Studio Solution File, Format Version 12.00
# Visual Studio 2013
VisualStudioVersion = 12.0.21005.1
MinimumVisualStudioVersion = 10.0.40219.1
Project("{FAE04EC0-301F-11D3-BF4B-00C04F79EFBC}") = "LSD.net", "LSD.net\LSD.net.csproj", "{A6B96659-1854-4D02-B18F-BE0A66427711}"
EndProject
Project("{FAE04EC0-301F-11D3-BF4B-00C04F79EFBC}") = "WindowsFormsApplication1", "WindowsFormsApplication1\WindowsFormsApplication1.csproj", "{EC7E2520-FE9C-41EC-82F9-E8ED9B880F55}"
EndProject
Project("{8BC9CEB8-8B4A-11D0-8D11-00A0C91BC942}") = "LSD", "lsd_1.6\LSD.vcxproj", "{D15D73D2-D1E0-4BEF-A481-45FF9A3696D4}"
EndProject
Project("{FAE04EC0-301F-11D3-BF4B-00C04F79EFBC}") = "LSD.net.bitmap", "LSD.net.bitmap\LSD.net.bitmap.csproj", "{AAC7AE01-25D3-4FD7-9098-0C98A7EC05D8}"
EndProject
Global
	GlobalSection(SolutionConfigurationPlatforms) = preSolution
		Debug|Any CPU = Debug|Any CPU
		Debug|Mixed Platforms = Debug|Mixed Platforms
		Debug|Win32 = Debug|Win32
		Debug|x64 = Debug|x64
		Debug|x86 = Debug|x86
		Release|Any CPU = Release|Any CPU
		Release|Mixed Platforms = Release|Mixed Platforms
		Release|Win32 = Release|Win32
		Release|x64 = Release|x64
		Release|x86 = Release|x86
	EndGlobalSection
	GlobalSection(ProjectConfigurationPlatforms) = postSolution
		{A6B96659-1854-4D02-B18F-BE0A66427711}.Debug|Any CPU.ActiveCfg = Debug|Any CPU
		{A6B96659-1854-4D02-B18F-BE0A66427711}.Debug|Any CPU.Build.0 = Debug|Any CPU
		{A6B96659-1854-4D02-B18F-BE0A66427711}.Debug|Mixed Platforms.ActiveCfg = Debug|Any CPU
		{A6B96659-1854-4D02-B18F-BE0A66427711}.Debug|Mixed Platforms.Build.0 = Debug|Any CPU
		{A6B96659-1854-4D02-B18F-BE0A66427711}.Debug|Win32.ActiveCfg = Debug|Any CPU
		{A6B96659-1854-4D02-B18F-BE0A66427711}.Debug|Win32.Build.0 = Debug|Any CPU
		{A6B96659-1854-4D02-B18F-BE0A66427711}.Debug|x64.ActiveCfg = Debug|Any CPU
		{A6B96659-1854-4D02-B18F-BE0A66427711}.Debug|x64.Build.0 = Debug|Any CPU
		{A6B96659-1854-4D02-B18F-BE0A66427711}.Debug|x86.ActiveCfg = Debug|Any CPU
		{A6B96659-1854-4D02-B18F-BE0A66427711}.Debug|x86.Build.0 = Debug|Any CPU
		{A6B96659-1854-4D02-B18F-BE0A66427711}.Release|Any CPU.ActiveCfg = Release|Any CPU
		{A6B96659-1854-4D02-B18F-BE0A66427711}.Release|Any CPU.Build.0 = Release|Any CPU
		{A6B96659-1854-4D02-B18F-BE0A66427711}.Release|Mixed Platforms.ActiveCfg = Release|Any CPU
		{A6B96659-1854-4D02-B18F-BE0A66427711}.Release|Mixed Platforms.Build.0 = Release|Any CPU
		{A6B96659-1854-4D02-B18F-BE0A66427711}.Release|Win32.ActiveCfg = Release|Any CPU
		{A6B96659-1854-4D02-B18F-BE0A66427711}.Release|x64.ActiveCfg = Release|x64
		{A6B96659-1854-4D02-B18F-BE0A66427711}.Release|x64.Build.0 = Release|x64
		{A6B96659-1854-4D02-B18F-BE0A66427711}.Release|x86.ActiveCfg = Release|x86
		{A6B96659-1854-4D02-B18F-BE0A66427711}.Release|x86.Build.0 = Release|x86
		{EC7E2520-FE9C-41EC-82F9-E8ED9B880F55}.Debug|Any CPU.ActiveCfg = Debug|Any CPU
		{EC7E2520-FE9C-41EC-82F9-E8ED9B880F55}.Debug|Any CPU.Build.0 = Debug|Any CPU
		{EC7E2520-FE9C-41EC-82F9-E8ED9B880F55}.Debug|Mixed Platforms.ActiveCfg = Debug|Any CPU
		{EC7E2520-FE9C-41EC-82F9-E8ED9B880F55}.Debug|Mixed Platforms.Build.0 = Debug|Any CPU
		{EC7E2520-FE9C-41EC-82F9-E8ED9B880F55}.Debug|Win32.ActiveCfg = Debug|Any CPU
		{EC7E2520-FE9C-41EC-82F9-E8ED9B880F55}.Debug|Win32.Build.0 = Debug|Any CPU
		{EC7E2520-FE9C-41EC-82F9-E8ED9B880F55}.Debug|x64.ActiveCfg = Debug|Any CPU
		{EC7E2520-FE9C-41EC-82F9-E8ED9B880F55}.Debug|x64.Build.0 = Debug|Any CPU
		{EC7E2520-FE9C-41EC-82F9-E8ED9B880F55}.Debug|x86.ActiveCfg = Debug|Any CPU
		{EC7E2520-FE9C-41EC-82F9-E8ED9B880F55}.Debug|x86.Build.0 = Debug|Any CPU
		{EC7E2520-FE9C-41EC-82F9-E8ED9B880F55}.Release|Any CPU.ActiveCfg = Release|Any CPU
		{EC7E2520-FE9C-41EC-82F9-E8ED9B880F55}.Release|Any CPU.Build.0 = Release|Any CPU
		{EC7E2520-FE9C-41EC-82F9-E8ED9B880F55}.Release|Mixed Platforms.ActiveCfg = Release|Any CPU
		{EC7E2520-FE9C-41EC-82F9-E8ED9B880F55}.Release|Mixed Platforms.Build.0 = Release|Any CPU
		{EC7E2520-FE9C-41EC-82F9-E8ED9B880F55}.Release|Win32.ActiveCfg = Release|Any CPU
		{EC7E2520-FE9C-41EC-82F9-E8ED9B880F55}.Release|x64.ActiveCfg = Release|x64
		{EC7E2520-FE9C-41EC-82F9-E8ED9B880F55}.Release|x64.Build.0 = Release|x64
		{EC7E2520-FE9C-41EC-82F9-E8ED9B880F55}.Release|x86.ActiveCfg = Release|Any CPU
		{D15D73D2-D1E0-4BEF-A481-45FF9A3696D4}.Debug|Any CPU.ActiveCfg = Debug|Win32
		{D15D73D2-D1E0-4BEF-A481-45FF9A3696D4}.Debug|Mixed Platforms.ActiveCfg = Debug|Win32
		{D15D73D2-D1E0-4BEF-A481-45FF9A3696D4}.Debug|Mixed Platforms.Build.0 = Debug|Win32
		{D15D73D2-D1E0-4BEF-A481-45FF9A3696D4}.Debug|Win32.ActiveCfg = Debug|Win32
		{D15D73D2-D1E0-4BEF-A481-45FF9A3696D4}.Debug|Win32.Build.0 = Debug|Win32
		{D15D73D2-D1E0-4BEF-A481-45FF9A3696D4}.Debug|x64.ActiveCfg = Debug|x64
		{D15D73D2-D1E0-4BEF-A481-45FF9A3696D4}.Debug|x64.Build.0 = Debug|x64
		{D15D73D2-D1E0-4BEF-A481-45FF9A3696D4}.Debug|x86.ActiveCfg = Debug|Win32
		{D15D73D2-D1E0-4BEF-A481-45FF9A3696D4}.Debug|x86.Build.0 = Debug|Win32
		{D15D73D2-D1E0-4BEF-A481-45FF9A3696D4}.Release|Any CPU.ActiveCfg = Release|Win32
		{D15D73D2-D1E0-4BEF-A481-45FF9A3696D4}.Release|Mixed Platforms.ActiveCfg = Release|Win32
		{D15D73D2-D1E0-4BEF-A481-45FF9A3696D4}.Release|Mixed Platforms.Build.0 = Release|Win32
		{D15D73D2-D1E0-4BEF-A481-45FF9A3696D4}.Release|Win32.ActiveCfg = Release|Win32
		{D15D73D2-D1E0-4BEF-A481-45FF9A3696D4}.Release|Win32.Build.0 = Release|Win32
		{D15D73D2-D1E0-4BEF-A481-45FF9A3696D4}.Release|x64.ActiveCfg = Release|x64
		{D15D73D2-D1E0-4BEF-A481-45FF9A3696D4}.Release|x86.ActiveCfg = Release|Win32
		{D15D73D2-D1E0-4BEF-A481-45FF9A3696D4}.Release|x86.Build.0 = Release|Win32
		{AAC7AE01-25D3-4FD7-9098-0C98A7EC05D8}.Debug|Any CPU.ActiveCfg = Debug|Any CPU
		{AAC7AE01-25D3-4FD7-9098-0C98A7EC05D8}.Debug|Any CPU.Build.0 = Debug|Any CPU
		{AAC7AE01-25D3-4FD7-9098-0C98A7EC05D8}.Debug|Mixed Platforms.ActiveCfg = Debug|Any CPU
		{AAC7AE01-25D3-4FD7-9098-0C98A7EC05D8}.Debug|Mixed Platforms.Build.0 = Debug|Any CPU
		{AAC7AE01-25D3-4FD7-9098-0C98A7EC05D8}.Debug|Win32.ActiveCfg = Debug|Any CPU
		{AAC7AE01-25D3-4FD7-9098-0C98A7EC05D8}.Debug|Win32.Build.0 = Debug|Any CPU
		{AAC7AE01-25D3-4FD7-9098-0C98A7EC05D8}.Debug|x64.ActiveCfg = Debug|Any CPU
		{AAC7AE01-25D3-4FD7-9098-0C98A7EC05D8}.Debug|x64.Build.0 = Debug|Any CPU
		{AAC7AE01-25D3-4FD7-9098-0C98A7EC05D8}.Debug|x86.ActiveCfg = Debug|Any CPU
		{AAC7AE01-25D3-4FD7-9098-0C98A7EC05D8}.Debug|x86.Build.0 = Debug|Any CPU
		{AAC7AE01-25D3-4FD7-9098-0C98A7EC05D8}.Release|Any CPU.ActiveCfg = Release|Any CPU
		{AAC7AE01-25D3-4FD7-9098-0C98A7EC05D8}.Release|Any CPU.Build.0 = Release|Any CPU
		{AAC7AE01-25D3-4FD7-9098-0C98A7EC05D8}.Release|Mixed Platforms.ActiveCfg = Release|Any CPU
		{AAC7AE01-25D3-4FD7-9098-0C98A7EC05D8}.Release|Mixed Platforms.Build.0 = Release|Any CPU
		{AAC7AE01-25D3-4FD7-9098-0C98A7EC05D8}.Release|Win32.ActiveCfg = Release|Any CPU
		{AAC7AE01-25D3-4FD7-9098-0C98A7EC05D8}.Release|x64.ActiveCfg = Release|x64
		{AAC7AE01-25D3-4FD7-9098-0C98A7EC05D8}.Release|x64.Build.0 = Release|x64
		{AAC7AE01-25D3-4FD7-9098-0C98A7EC05D8}.Release|x86.ActiveCfg = Release|Any CPU
	EndGlobalSection
	GlobalSection(SolutionProperties) = preSolution
		HideSolutionNode = FALSE
	EndGlobalSection
EndGlobal
